
Microsoft Visual Studio Solution File, Format Version 12.00
# Visual Studio Version 16
VisualStudioVersion = 16.0.29326.143
MinimumVisualStudioVersion = 10.0.40219.1
Project("{9A19103F-16F7-4668-BE54-9A1E7A4F7556}") = "HotChocolateSmoothie", "HotChocolateSmoothie\HotChocolateSmoothie.csproj", "{126F58A2-A6C7-4A9B-9335-04CB6FCB2863}"
EndProject
Project("{9A19103F-16F7-4668-BE54-9A1E7A4F7556}") = "ConsoleAlgoTest", "src\ConsoleAlgoTest\ConsoleAlgoTest.csproj", "{5EC4C916-7030-486B-BA20-10892AFA460D}"
EndProject
Project("{9A19103F-16F7-4668-BE54-9A1E7A4F7556}") = "ConsoleExcelToPdfTest", "src\ConsoleExcelToPdfTest\ConsoleExcelToPdfTest.csproj", "{83D869FE-6F74-4D10-9764-AFB8B21AF075}"
EndProject
Project("{2150E333-8FDC-42A3-9474-1A3956D46DE8}") = "ConsoleTest", "ConsoleTest", "{3698209F-3CA5-4C38-BA68-BCA32C7D5A52}"
EndProject
Project("{2150E333-8FDC-42A3-9474-1A3956D46DE8}") = "WebTest", "WebTest", "{DE620553-D1A0-4E17-BD64-696136F34C95}"
EndProject
Project("{9A19103F-16F7-4668-BE54-9A1E7A4F7556}") = "HotChocolate.ApplicationCore", "src\HotChocolate\HotChocolate.ApplicationCore.csproj", "{5443FA3E-B54E-4FB0-8D1F-E2BABA164294}"
EndProject
Project("{9A19103F-16F7-4668-BE54-9A1E7A4F7556}") = "IceSmoothie.Infrastructrue", "src\IceSmoothie\IceSmoothie.Infrastructrue.csproj", "{22599483-9EB4-496D-9636-4E37C725F09F}"
EndProject
Project("{2150E333-8FDC-42A3-9474-1A3956D46DE8}") = "BlazorTest", "BlazorTest", "{EFDC6889-0126-49E0-87EB-77BA71A634E3}"
EndProject
Project("{9A19103F-16F7-4668-BE54-9A1E7A4F7556}") = "BlazorCalender", "BlazorCalender\BlazorCalender.csproj", "{38FA33A1-D3F4-40D6-83A0-4C0337290106}"
EndProject
Project("{9A19103F-16F7-4668-BE54-9A1E7A4F7556}") = "HtmlPdfConversionCore", "src\HtmlPdfConversionCore\HtmlPdfConversionCore.csproj", "{267BE28E-D939-49D1-B76D-A6E47E7B0C9A}"
EndProject
Project("{2150E333-8FDC-42A3-9474-1A3956D46DE8}") = "ReactWithNetCore", "ReactWithNetCore", "{E78AC1E6-9AE2-4F66-89C1-543CB4BF1569}"
EndProject
Project("{9A19103F-16F7-4668-BE54-9A1E7A4F7556}") = "WebAPI", "src\WebAPI\WebAPI.csproj", "{6059FA7B-C212-4316-855C-14A3A6FB1158}"
EndProject
Project("{2150E333-8FDC-42A3-9474-1A3956D46DE8}") = "AnyTest", "AnyTest", "{A0CDC12A-4646-417B-BA06-F1DECB8D766F}"
EndProject
Project("{9A19103F-16F7-4668-BE54-9A1E7A4F7556}") = "DapperDemo1", "src\DapperDemo1\DapperDemo1.csproj", "{CA97BF13-9CB6-449E-95F6-B59744230879}"
EndProject
Project("{2150E333-8FDC-42A3-9474-1A3956D46DE8}") = "SelfHost", "SelfHost", "{622E6350-999C-48B4-8B5F-DFA2D4E58DE8}"
EndProject
Project("{2150E333-8FDC-42A3-9474-1A3956D46DE8}") = "Client", "Client", "{5BED4720-764B-4520-BB5A-EF3D78524F71}"
EndProject
Project("{2150E333-8FDC-42A3-9474-1A3956D46DE8}") = "Host", "Host", "{5A4770B6-4BE7-4EE3-B5A2-9DFB3512090F}"
EndProject
Project("{FAE04EC0-301F-11D3-BF4B-00C04F79EFBC}") = "SelfHost.server", "src\SelfHost.server\SelfHost.server.csproj", "{7466AB75-DB53-42FC-A289-5B42E985D1DB}"
EndProject
Project("{FAE04EC0-301F-11D3-BF4B-00C04F79EFBC}") = "Selfhost.ConsoleClient", "src\Selfhost.ConsoleClient\Selfhost.ConsoleClient.csproj", "{5EC8234D-AD7A-469B-8497-7431DEF9E9D5}"
EndProject
Project("{9A19103F-16F7-4668-BE54-9A1E7A4F7556}") = "Signal", "src\Signal\Signal.csproj", "{08750DAD-CC26-45F1-BA9C-BC37292D8A58}"
EndProject
Project("{2150E333-8FDC-42A3-9474-1A3956D46DE8}") = "Cpp", "Cpp", "{A9AE19F7-7616-40E4-9FF3-2F0FB8E92872}"
EndProject
Project("{8BC9CEB8-8B4A-11D0-8D11-00A0C91BC942}") = "cppProject", "src\cppProject\cppProject.vcxproj", "{900E9933-C650-4064-9322-3FC60F04E067}"
EndProject
Project("{8BC9CEB8-8B4A-11D0-8D11-00A0C91BC942}") = "ConsoleApplication1", "src\ConsoleApplication1\ConsoleApplication1.vcxproj", "{275A58BB-DA05-42F9-B4B9-0D836AF66480}"
EndProject
Project("{8BC9CEB8-8B4A-11D0-8D11-00A0C91BC942}") = "Algorism_Project_1", "src\Algorism_Project_1\Algorism_Project_1.vcxproj", "{DE0C3252-3342-414A-BAAF-EABCF3DDC2C1}"
EndProject
Project("{2150E333-8FDC-42A3-9474-1A3956D46DE8}") = "WCF", "WCF", "{5621E0EB-51E9-46A7-901D-D479E5F08CDB}"
EndProject
Project("{FAE04EC0-301F-11D3-BF4B-00C04F79EFBC}") = "Wcf.Server", "Wcf.Server\Wcf.Server.csproj", "{AC638DB9-9645-4A0C-9522-360CD588240F}"
EndProject
Project("{FAE04EC0-301F-11D3-BF4B-00C04F79EFBC}") = "Wcf.Client", "Wcf.Client\Wcf.Client.csproj", "{FF08C28D-4449-40D8-8692-D1FEE217FF66}"
EndProject
Global
	GlobalSection(SolutionConfigurationPlatforms) = preSolution
		Debug|Any CPU = Debug|Any CPU
		Debug|x64 = Debug|x64
		Debug|x86 = Debug|x86
		Release|Any CPU = Release|Any CPU
		Release|x64 = Release|x64
		Release|x86 = Release|x86
	EndGlobalSection
	GlobalSection(ProjectConfigurationPlatforms) = postSolution
		{126F58A2-A6C7-4A9B-9335-04CB6FCB2863}.Debug|Any CPU.ActiveCfg = Debug|Any CPU
		{126F58A2-A6C7-4A9B-9335-04CB6FCB2863}.Debug|Any CPU.Build.0 = Debug|Any CPU
		{126F58A2-A6C7-4A9B-9335-04CB6FCB2863}.Debug|x64.ActiveCfg = Debug|Any CPU
		{126F58A2-A6C7-4A9B-9335-04CB6FCB2863}.Debug|x64.Build.0 = Debug|Any CPU
		{126F58A2-A6C7-4A9B-9335-04CB6FCB2863}.Debug|x86.ActiveCfg = Debug|Any CPU
		{126F58A2-A6C7-4A9B-9335-04CB6FCB2863}.Debug|x86.Build.0 = Debug|Any CPU
		{126F58A2-A6C7-4A9B-9335-04CB6FCB2863}.Release|Any CPU.ActiveCfg = Release|Any CPU
		{126F58A2-A6C7-4A9B-9335-04CB6FCB2863}.Release|Any CPU.Build.0 = Release|Any CPU
		{126F58A2-A6C7-4A9B-9335-04CB6FCB2863}.Release|x64.ActiveCfg = Release|Any CPU
		{126F58A2-A6C7-4A9B-9335-04CB6FCB2863}.Release|x64.Build.0 = Release|Any CPU
		{126F58A2-A6C7-4A9B-9335-04CB6FCB2863}.Release|x86.ActiveCfg = Release|Any CPU
		{126F58A2-A6C7-4A9B-9335-04CB6FCB2863}.Release|x86.Build.0 = Release|Any CPU
		{5EC4C916-7030-486B-BA20-10892AFA460D}.Debug|Any CPU.ActiveCfg = Debug|Any CPU
		{5EC4C916-7030-486B-BA20-10892AFA460D}.Debug|Any CPU.Build.0 = Debug|Any CPU
		{5EC4C916-7030-486B-BA20-10892AFA460D}.Debug|x64.ActiveCfg = Debug|Any CPU
		{5EC4C916-7030-486B-BA20-10892AFA460D}.Debug|x64.Build.0 = Debug|Any CPU
		{5EC4C916-7030-486B-BA20-10892AFA460D}.Debug|x86.ActiveCfg = Debug|Any CPU
		{5EC4C916-7030-486B-BA20-10892AFA460D}.Debug|x86.Build.0 = Debug|Any CPU
		{5EC4C916-7030-486B-BA20-10892AFA460D}.Release|Any CPU.ActiveCfg = Release|Any CPU
		{5EC4C916-7030-486B-BA20-10892AFA460D}.Release|Any CPU.Build.0 = Release|Any CPU
		{5EC4C916-7030-486B-BA20-10892AFA460D}.Release|x64.ActiveCfg = Release|Any CPU
		{5EC4C916-7030-486B-BA20-10892AFA460D}.Release|x64.Build.0 = Release|Any CPU
		{5EC4C916-7030-486B-BA20-10892AFA460D}.Release|x86.ActiveCfg = Release|Any CPU
		{5EC4C916-7030-486B-BA20-10892AFA460D}.Release|x86.Build.0 = Release|Any CPU
		{83D869FE-6F74-4D10-9764-AFB8B21AF075}.Debug|Any CPU.ActiveCfg = Debug|Any CPU
		{83D869FE-6F74-4D10-9764-AFB8B21AF075}.Debug|Any CPU.Build.0 = Debug|Any CPU
		{83D869FE-6F74-4D10-9764-AFB8B21AF075}.Debug|x64.ActiveCfg = Debug|Any CPU
		{83D869FE-6F74-4D10-9764-AFB8B21AF075}.Debug|x64.Build.0 = Debug|Any CPU
		{83D869FE-6F74-4D10-9764-AFB8B21AF075}.Debug|x86.ActiveCfg = Debug|Any CPU
		{83D869FE-6F74-4D10-9764-AFB8B21AF075}.Debug|x86.Build.0 = Debug|Any CPU
		{83D869FE-6F74-4D10-9764-AFB8B21AF075}.Release|Any CPU.ActiveCfg = Release|Any CPU
		{83D869FE-6F74-4D10-9764-AFB8B21AF075}.Release|Any CPU.Build.0 = Release|Any CPU
		{83D869FE-6F74-4D10-9764-AFB8B21AF075}.Release|x64.ActiveCfg = Release|Any CPU
		{83D869FE-6F74-4D10-9764-AFB8B21AF075}.Release|x64.Build.0 = Release|Any CPU
		{83D869FE-6F74-4D10-9764-AFB8B21AF075}.Release|x86.ActiveCfg = Release|Any CPU
		{83D869FE-6F74-4D10-9764-AFB8B21AF075}.Release|x86.Build.0 = Release|Any CPU
		{5443FA3E-B54E-4FB0-8D1F-E2BABA164294}.Debug|Any CPU.ActiveCfg = Debug|Any CPU
		{5443FA3E-B54E-4FB0-8D1F-E2BABA164294}.Debug|Any CPU.Build.0 = Debug|Any CPU
		{5443FA3E-B54E-4FB0-8D1F-E2BABA164294}.Debug|x64.ActiveCfg = Debug|Any CPU
		{5443FA3E-B54E-4FB0-8D1F-E2BABA164294}.Debug|x64.Build.0 = Debug|Any CPU
		{5443FA3E-B54E-4FB0-8D1F-E2BABA164294}.Debug|x86.ActiveCfg = Debug|Any CPU
		{5443FA3E-B54E-4FB0-8D1F-E2BABA164294}.Debug|x86.Build.0 = Debug|Any CPU
		{5443FA3E-B54E-4FB0-8D1F-E2BABA164294}.Release|Any CPU.ActiveCfg = Release|Any CPU
		{5443FA3E-B54E-4FB0-8D1F-E2BABA164294}.Release|Any CPU.Build.0 = Release|Any CPU
		{5443FA3E-B54E-4FB0-8D1F-E2BABA164294}.Release|x64.ActiveCfg = Release|Any CPU
		{5443FA3E-B54E-4FB0-8D1F-E2BABA164294}.Release|x64.Build.0 = Release|Any CPU
		{5443FA3E-B54E-4FB0-8D1F-E2BABA164294}.Release|x86.ActiveCfg = Release|Any CPU
		{5443FA3E-B54E-4FB0-8D1F-E2BABA164294}.Release|x86.Build.0 = Release|Any CPU
		{22599483-9EB4-496D-9636-4E37C725F09F}.Debug|Any CPU.ActiveCfg = Debug|Any CPU
		{22599483-9EB4-496D-9636-4E37C725F09F}.Debug|Any CPU.Build.0 = Debug|Any CPU
		{22599483-9EB4-496D-9636-4E37C725F09F}.Debug|x64.ActiveCfg = Debug|Any CPU
		{22599483-9EB4-496D-9636-4E37C725F09F}.Debug|x64.Build.0 = Debug|Any CPU
		{22599483-9EB4-496D-9636-4E37C725F09F}.Debug|x86.ActiveCfg = Debug|Any CPU
		{22599483-9EB4-496D-9636-4E37C725F09F}.Debug|x86.Build.0 = Debug|Any CPU
		{22599483-9EB4-496D-9636-4E37C725F09F}.Release|Any CPU.ActiveCfg = Release|Any CPU
		{22599483-9EB4-496D-9636-4E37C725F09F}.Release|Any CPU.Build.0 = Release|Any CPU
		{22599483-9EB4-496D-9636-4E37C725F09F}.Release|x64.ActiveCfg = Release|Any CPU
		{22599483-9EB4-496D-9636-4E37C725F09F}.Release|x64.Build.0 = Release|Any CPU
		{22599483-9EB4-496D-9636-4E37C725F09F}.Release|x86.ActiveCfg = Release|Any CPU
		{22599483-9EB4-496D-9636-4E37C725F09F}.Release|x86.Build.0 = Release|Any CPU
		{38FA33A1-D3F4-40D6-83A0-4C0337290106}.Debug|Any CPU.ActiveCfg = Debug|Any CPU
		{38FA33A1-D3F4-40D6-83A0-4C0337290106}.Debug|Any CPU.Build.0 = Debug|Any CPU
		{38FA33A1-D3F4-40D6-83A0-4C0337290106}.Debug|x64.ActiveCfg = Debug|Any CPU
		{38FA33A1-D3F4-40D6-83A0-4C0337290106}.Debug|x64.Build.0 = Debug|Any CPU
		{38FA33A1-D3F4-40D6-83A0-4C0337290106}.Debug|x86.ActiveCfg = Debug|Any CPU
		{38FA33A1-D3F4-40D6-83A0-4C0337290106}.Debug|x86.Build.0 = Debug|Any CPU
		{38FA33A1-D3F4-40D6-83A0-4C0337290106}.Release|Any CPU.ActiveCfg = Release|Any CPU
		{38FA33A1-D3F4-40D6-83A0-4C0337290106}.Release|Any CPU.Build.0 = Release|Any CPU
		{38FA33A1-D3F4-40D6-83A0-4C0337290106}.Release|x64.ActiveCfg = Release|Any CPU
		{38FA33A1-D3F4-40D6-83A0-4C0337290106}.Release|x64.Build.0 = Release|Any CPU
		{38FA33A1-D3F4-40D6-83A0-4C0337290106}.Release|x86.ActiveCfg = Release|Any CPU
		{38FA33A1-D3F4-40D6-83A0-4C0337290106}.Release|x86.Build.0 = Release|Any CPU
		{267BE28E-D939-49D1-B76D-A6E47E7B0C9A}.Debug|Any CPU.ActiveCfg = Debug|Any CPU
		{267BE28E-D939-49D1-B76D-A6E47E7B0C9A}.Debug|Any CPU.Build.0 = Debug|Any CPU
		{267BE28E-D939-49D1-B76D-A6E47E7B0C9A}.Debug|x64.ActiveCfg = Debug|Any CPU
		{267BE28E-D939-49D1-B76D-A6E47E7B0C9A}.Debug|x64.Build.0 = Debug|Any CPU
		{267BE28E-D939-49D1-B76D-A6E47E7B0C9A}.Debug|x86.ActiveCfg = Debug|Any CPU
		{267BE28E-D939-49D1-B76D-A6E47E7B0C9A}.Debug|x86.Build.0 = Debug|Any CPU
		{267BE28E-D939-49D1-B76D-A6E47E7B0C9A}.Release|Any CPU.ActiveCfg = Release|Any CPU
		{267BE28E-D939-49D1-B76D-A6E47E7B0C9A}.Release|Any CPU.Build.0 = Release|Any CPU
		{267BE28E-D939-49D1-B76D-A6E47E7B0C9A}.Release|x64.ActiveCfg = Release|Any CPU
		{267BE28E-D939-49D1-B76D-A6E47E7B0C9A}.Release|x64.Build.0 = Release|Any CPU
		{267BE28E-D939-49D1-B76D-A6E47E7B0C9A}.Release|x86.ActiveCfg = Release|Any CPU
		{267BE28E-D939-49D1-B76D-A6E47E7B0C9A}.Release|x86.Build.0 = Release|Any CPU
		{6059FA7B-C212-4316-855C-14A3A6FB1158}.Debug|Any CPU.ActiveCfg = Debug|Any CPU
		{6059FA7B-C212-4316-855C-14A3A6FB1158}.Debug|Any CPU.Build.0 = Debug|Any CPU
		{6059FA7B-C212-4316-855C-14A3A6FB1158}.Debug|x64.ActiveCfg = Debug|Any CPU
		{6059FA7B-C212-4316-855C-14A3A6FB1158}.Debug|x64.Build.0 = Debug|Any CPU
		{6059FA7B-C212-4316-855C-14A3A6FB1158}.Debug|x86.ActiveCfg = Debug|Any CPU
		{6059FA7B-C212-4316-855C-14A3A6FB1158}.Debug|x86.Build.0 = Debug|Any CPU
		{6059FA7B-C212-4316-855C-14A3A6FB1158}.Release|Any CPU.ActiveCfg = Release|Any CPU
		{6059FA7B-C212-4316-855C-14A3A6FB1158}.Release|Any CPU.Build.0 = Release|Any CPU
		{6059FA7B-C212-4316-855C-14A3A6FB1158}.Release|x64.ActiveCfg = Release|Any CPU
		{6059FA7B-C212-4316-855C-14A3A6FB1158}.Release|x64.Build.0 = Release|Any CPU
		{6059FA7B-C212-4316-855C-14A3A6FB1158}.Release|x86.ActiveCfg = Release|Any CPU
		{6059FA7B-C212-4316-855C-14A3A6FB1158}.Release|x86.Build.0 = Release|Any CPU
		{CA97BF13-9CB6-449E-95F6-B59744230879}.Debug|Any CPU.ActiveCfg = Debug|Any CPU
		{CA97BF13-9CB6-449E-95F6-B59744230879}.Debug|Any CPU.Build.0 = Debug|Any CPU
		{CA97BF13-9CB6-449E-95F6-B59744230879}.Debug|x64.ActiveCfg = Debug|Any CPU
		{CA97BF13-9CB6-449E-95F6-B59744230879}.Debug|x64.Build.0 = Debug|Any CPU
		{CA97BF13-9CB6-449E-95F6-B59744230879}.Debug|x86.ActiveCfg = Debug|Any CPU
		{CA97BF13-9CB6-449E-95F6-B59744230879}.Debug|x86.Build.0 = Debug|Any CPU
		{CA97BF13-9CB6-449E-95F6-B59744230879}.Release|Any CPU.ActiveCfg = Release|Any CPU
		{CA97BF13-9CB6-449E-95F6-B59744230879}.Release|Any CPU.Build.0 = Release|Any CPU
		{CA97BF13-9CB6-449E-95F6-B59744230879}.Release|x64.ActiveCfg = Release|Any CPU
		{CA97BF13-9CB6-449E-95F6-B59744230879}.Release|x64.Build.0 = Release|Any CPU
		{CA97BF13-9CB6-449E-95F6-B59744230879}.Release|x86.ActiveCfg = Release|Any CPU
		{CA97BF13-9CB6-449E-95F6-B59744230879}.Release|x86.Build.0 = Release|Any CPU
		{7466AB75-DB53-42FC-A289-5B42E985D1DB}.Debug|Any CPU.ActiveCfg = Debug|Any CPU
		{7466AB75-DB53-42FC-A289-5B42E985D1DB}.Debug|Any CPU.Build.0 = Debug|Any CPU
		{7466AB75-DB53-42FC-A289-5B42E985D1DB}.Debug|x64.ActiveCfg = Debug|Any CPU
		{7466AB75-DB53-42FC-A289-5B42E985D1DB}.Debug|x64.Build.0 = Debug|Any CPU
		{7466AB75-DB53-42FC-A289-5B42E985D1DB}.Debug|x86.ActiveCfg = Debug|Any CPU
		{7466AB75-DB53-42FC-A289-5B42E985D1DB}.Debug|x86.Build.0 = Debug|Any CPU
		{7466AB75-DB53-42FC-A289-5B42E985D1DB}.Release|Any CPU.ActiveCfg = Release|Any CPU
		{7466AB75-DB53-42FC-A289-5B42E985D1DB}.Release|Any CPU.Build.0 = Release|Any CPU
		{7466AB75-DB53-42FC-A289-5B42E985D1DB}.Release|x64.ActiveCfg = Release|Any CPU
		{7466AB75-DB53-42FC-A289-5B42E985D1DB}.Release|x64.Build.0 = Release|Any CPU
		{7466AB75-DB53-42FC-A289-5B42E985D1DB}.Release|x86.ActiveCfg = Release|Any CPU
		{7466AB75-DB53-42FC-A289-5B42E985D1DB}.Release|x86.Build.0 = Release|Any CPU
		{5EC8234D-AD7A-469B-8497-7431DEF9E9D5}.Debug|Any CPU.ActiveCfg = Debug|Any CPU
		{5EC8234D-AD7A-469B-8497-7431DEF9E9D5}.Debug|Any CPU.Build.0 = Debug|Any CPU
		{5EC8234D-AD7A-469B-8497-7431DEF9E9D5}.Debug|x64.ActiveCfg = Debug|Any CPU
		{5EC8234D-AD7A-469B-8497-7431DEF9E9D5}.Debug|x64.Build.0 = Debug|Any CPU
		{5EC8234D-AD7A-469B-8497-7431DEF9E9D5}.Debug|x86.ActiveCfg = Debug|Any CPU
		{5EC8234D-AD7A-469B-8497-7431DEF9E9D5}.Debug|x86.Build.0 = Debug|Any CPU
		{5EC8234D-AD7A-469B-8497-7431DEF9E9D5}.Release|Any CPU.ActiveCfg = Release|Any CPU
		{5EC8234D-AD7A-469B-8497-7431DEF9E9D5}.Release|Any CPU.Build.0 = Release|Any CPU
		{5EC8234D-AD7A-469B-8497-7431DEF9E9D5}.Release|x64.ActiveCfg = Release|Any CPU
		{5EC8234D-AD7A-469B-8497-7431DEF9E9D5}.Release|x64.Build.0 = Release|Any CPU
		{5EC8234D-AD7A-469B-8497-7431DEF9E9D5}.Release|x86.ActiveCfg = Release|Any CPU
		{5EC8234D-AD7A-469B-8497-7431DEF9E9D5}.Release|x86.Build.0 = Release|Any CPU
		{08750DAD-CC26-45F1-BA9C-BC37292D8A58}.Debug|Any CPU.ActiveCfg = Debug|Any CPU
		{08750DAD-CC26-45F1-BA9C-BC37292D8A58}.Debug|Any CPU.Build.0 = Debug|Any CPU
		{08750DAD-CC26-45F1-BA9C-BC37292D8A58}.Debug|x64.ActiveCfg = Debug|Any CPU
		{08750DAD-CC26-45F1-BA9C-BC37292D8A58}.Debug|x64.Build.0 = Debug|Any CPU
		{08750DAD-CC26-45F1-BA9C-BC37292D8A58}.Debug|x86.ActiveCfg = Debug|Any CPU
		{08750DAD-CC26-45F1-BA9C-BC37292D8A58}.Debug|x86.Build.0 = Debug|Any CPU
		{08750DAD-CC26-45F1-BA9C-BC37292D8A58}.Release|Any CPU.ActiveCfg = Release|Any CPU
		{08750DAD-CC26-45F1-BA9C-BC37292D8A58}.Release|Any CPU.Build.0 = Release|Any CPU
		{08750DAD-CC26-45F1-BA9C-BC37292D8A58}.Release|x64.ActiveCfg = Release|Any CPU
		{08750DAD-CC26-45F1-BA9C-BC37292D8A58}.Release|x64.Build.0 = Release|Any CPU
		{08750DAD-CC26-45F1-BA9C-BC37292D8A58}.Release|x86.ActiveCfg = Release|Any CPU
		{08750DAD-CC26-45F1-BA9C-BC37292D8A58}.Release|x86.Build.0 = Release|Any CPU
		{900E9933-C650-4064-9322-3FC60F04E067}.Debug|Any CPU.ActiveCfg = Debug|Win32
		{900E9933-C650-4064-9322-3FC60F04E067}.Debug|x64.ActiveCfg = Debug|x64
		{900E9933-C650-4064-9322-3FC60F04E067}.Debug|x64.Build.0 = Debug|x64
		{900E9933-C650-4064-9322-3FC60F04E067}.Debug|x86.ActiveCfg = Debug|Win32
		{900E9933-C650-4064-9322-3FC60F04E067}.Debug|x86.Build.0 = Debug|Win32
		{900E9933-C650-4064-9322-3FC60F04E067}.Release|Any CPU.ActiveCfg = Release|Win32
		{900E9933-C650-4064-9322-3FC60F04E067}.Release|x64.ActiveCfg = Release|x64
		{900E9933-C650-4064-9322-3FC60F04E067}.Release|x64.Build.0 = Release|x64
		{900E9933-C650-4064-9322-3FC60F04E067}.Release|x86.ActiveCfg = Release|Win32
		{900E9933-C650-4064-9322-3FC60F04E067}.Release|x86.Build.0 = Release|Win32
		{275A58BB-DA05-42F9-B4B9-0D836AF66480}.Debug|Any CPU.ActiveCfg = Debug|Win32
		{275A58BB-DA05-42F9-B4B9-0D836AF66480}.Debug|x64.ActiveCfg = Debug|x64
		{275A58BB-DA05-42F9-B4B9-0D836AF66480}.Debug|x64.Build.0 = Debug|x64
		{275A58BB-DA05-42F9-B4B9-0D836AF66480}.Debug|x86.ActiveCfg = Debug|Win32
		{275A58BB-DA05-42F9-B4B9-0D836AF66480}.Debug|x86.Build.0 = Debug|Win32
		{275A58BB-DA05-42F9-B4B9-0D836AF66480}.Release|Any CPU.ActiveCfg = Release|Win32
		{275A58BB-DA05-42F9-B4B9-0D836AF66480}.Release|x64.ActiveCfg = Release|x64
		{275A58BB-DA05-42F9-B4B9-0D836AF66480}.Release|x64.Build.0 = Release|x64
		{275A58BB-DA05-42F9-B4B9-0D836AF66480}.Release|x86.ActiveCfg = Release|Win32
		{275A58BB-DA05-42F9-B4B9-0D836AF66480}.Release|x86.Build.0 = Release|Win32
		{DE0C3252-3342-414A-BAAF-EABCF3DDC2C1}.Debug|Any CPU.ActiveCfg = Debug|Win32
		{DE0C3252-3342-414A-BAAF-EABCF3DDC2C1}.Debug|x64.ActiveCfg = Debug|x64
		{DE0C3252-3342-414A-BAAF-EABCF3DDC2C1}.Debug|x64.Build.0 = Debug|x64
		{DE0C3252-3342-414A-BAAF-EABCF3DDC2C1}.Debug|x86.ActiveCfg = Debug|Win32
		{DE0C3252-3342-414A-BAAF-EABCF3DDC2C1}.Debug|x86.Build.0 = Debug|Win32
		{DE0C3252-3342-414A-BAAF-EABCF3DDC2C1}.Release|Any CPU.ActiveCfg = Release|Win32
		{DE0C3252-3342-414A-BAAF-EABCF3DDC2C1}.Release|x64.ActiveCfg = Release|x64
		{DE0C3252-3342-414A-BAAF-EABCF3DDC2C1}.Release|x64.Build.0 = Release|x64
		{DE0C3252-3342-414A-BAAF-EABCF3DDC2C1}.Release|x86.ActiveCfg = Release|Win32
		{DE0C3252-3342-414A-BAAF-EABCF3DDC2C1}.Release|x86.Build.0 = Release|Win32
		{AC638DB9-9645-4A0C-9522-360CD588240F}.Debug|Any CPU.ActiveCfg = Debug|Any CPU
		{AC638DB9-9645-4A0C-9522-360CD588240F}.Debug|Any CPU.Build.0 = Debug|Any CPU
		{AC638DB9-9645-4A0C-9522-360CD588240F}.Debug|x64.ActiveCfg = Debug|Any CPU
		{AC638DB9-9645-4A0C-9522-360CD588240F}.Debug|x64.Build.0 = Debug|Any CPU
		{AC638DB9-9645-4A0C-9522-360CD588240F}.Debug|x86.ActiveCfg = Debug|Any CPU
		{AC638DB9-9645-4A0C-9522-360CD588240F}.Debug|x86.Build.0 = Debug|Any CPU
		{AC638DB9-9645-4A0C-9522-360CD588240F}.Release|Any CPU.ActiveCfg = Release|Any CPU
		{AC638DB9-9645-4A0C-9522-360CD588240F}.Release|Any CPU.Build.0 = Release|Any CPU
		{AC638DB9-9645-4A0C-9522-360CD588240F}.Release|x64.ActiveCfg = Release|Any CPU
		{AC638DB9-9645-4A0C-9522-360CD588240F}.Release|x64.Build.0 = Release|Any CPU
		{AC638DB9-9645-4A0C-9522-360CD588240F}.Release|x86.ActiveCfg = Release|Any CPU
		{AC638DB9-9645-4A0C-9522-360CD588240F}.Release|x86.Build.0 = Release|Any CPU
		{FF08C28D-4449-40D8-8692-D1FEE217FF66}.Debug|Any CPU.ActiveCfg = Debug|Any CPU
		{FF08C28D-4449-40D8-8692-D1FEE217FF66}.Debug|Any CPU.Build.0 = Debug|Any CPU
		{FF08C28D-4449-40D8-8692-D1FEE217FF66}.Debug|x64.ActiveCfg = Debug|Any CPU
		{FF08C28D-4449-40D8-8692-D1FEE217FF66}.Debug|x64.Build.0 = Debug|Any CPU
		{FF08C28D-4449-40D8-8692-D1FEE217FF66}.Debug|x86.ActiveCfg = Debug|Any CPU
		{FF08C28D-4449-40D8-8692-D1FEE217FF66}.Debug|x86.Build.0 = Debug|Any CPU
		{FF08C28D-4449-40D8-8692-D1FEE217FF66}.Release|Any CPU.ActiveCfg = Release|Any CPU
		{FF08C28D-4449-40D8-8692-D1FEE217FF66}.Release|Any CPU.Build.0 = Release|Any CPU
		{FF08C28D-4449-40D8-8692-D1FEE217FF66}.Release|x64.ActiveCfg = Release|Any CPU
		{FF08C28D-4449-40D8-8692-D1FEE217FF66}.Release|x64.Build.0 = Release|Any CPU
		{FF08C28D-4449-40D8-8692-D1FEE217FF66}.Release|x86.ActiveCfg = Release|Any CPU
		{FF08C28D-4449-40D8-8692-D1FEE217FF66}.Release|x86.Build.0 = Release|Any CPU
	EndGlobalSection
	GlobalSection(SolutionProperties) = preSolution
		HideSolutionNode = FALSE
	EndGlobalSection
	GlobalSection(NestedProjects) = preSolution
		{126F58A2-A6C7-4A9B-9335-04CB6FCB2863} = {DE620553-D1A0-4E17-BD64-696136F34C95}
		{5EC4C916-7030-486B-BA20-10892AFA460D} = {3698209F-3CA5-4C38-BA68-BCA32C7D5A52}
		{83D869FE-6F74-4D10-9764-AFB8B21AF075} = {3698209F-3CA5-4C38-BA68-BCA32C7D5A52}
		{5443FA3E-B54E-4FB0-8D1F-E2BABA164294} = {DE620553-D1A0-4E17-BD64-696136F34C95}
		{22599483-9EB4-496D-9636-4E37C725F09F} = {DE620553-D1A0-4E17-BD64-696136F34C95}
		{38FA33A1-D3F4-40D6-83A0-4C0337290106} = {EFDC6889-0126-49E0-87EB-77BA71A634E3}
		{267BE28E-D939-49D1-B76D-A6E47E7B0C9A} = {DE620553-D1A0-4E17-BD64-696136F34C95}
		{6059FA7B-C212-4316-855C-14A3A6FB1158} = {E78AC1E6-9AE2-4F66-89C1-543CB4BF1569}
		{CA97BF13-9CB6-449E-95F6-B59744230879} = {A0CDC12A-4646-417B-BA06-F1DECB8D766F}
		{5BED4720-764B-4520-BB5A-EF3D78524F71} = {622E6350-999C-48B4-8B5F-DFA2D4E58DE8}
		{5A4770B6-4BE7-4EE3-B5A2-9DFB3512090F} = {622E6350-999C-48B4-8B5F-DFA2D4E58DE8}
		{7466AB75-DB53-42FC-A289-5B42E985D1DB} = {5A4770B6-4BE7-4EE3-B5A2-9DFB3512090F}
		{5EC8234D-AD7A-469B-8497-7431DEF9E9D5} = {5BED4720-764B-4520-BB5A-EF3D78524F71}
		{08750DAD-CC26-45F1-BA9C-BC37292D8A58} = {DE620553-D1A0-4E17-BD64-696136F34C95}
		{900E9933-C650-4064-9322-3FC60F04E067} = {A9AE19F7-7616-40E4-9FF3-2F0FB8E92872}
		{275A58BB-DA05-42F9-B4B9-0D836AF66480} = {A9AE19F7-7616-40E4-9FF3-2F0FB8E92872}
		{DE0C3252-3342-414A-BAAF-EABCF3DDC2C1} = {A9AE19F7-7616-40E4-9FF3-2F0FB8E92872}
		{AC638DB9-9645-4A0C-9522-360CD588240F} = {5621E0EB-51E9-46A7-901D-D479E5F08CDB}
		{FF08C28D-4449-40D8-8692-D1FEE217FF66} = {5621E0EB-51E9-46A7-901D-D479E5F08CDB}
	EndGlobalSection
	GlobalSection(ExtensibilityGlobals) = postSolution
		SolutionGuid = {2AAAAD6B-22E1-4BD9-9136-2733FCD56E5C}
	EndGlobalSection
EndGlobal
