
Microsoft Visual Studio Solution File, Format Version 12.00
# Visual Studio Version 16
VisualStudioVersion = 16.0.29326.143
MinimumVisualStudioVersion = 10.0.40219.1
Project("{9A19103F-16F7-4668-BE54-9A1E7A4F7556}") = "HotChocolateSmoothie", "HotChocolateSmoothie\HotChocolateSmoothie.csproj", "{126F58A2-A6C7-4A9B-9335-04CB6FCB2863}"
EndProject
Project("{9A19103F-16F7-4668-BE54-9A1E7A4F7556}") = "ConsoleAlgoTest", "src\ConsoleAlgoTest\ConsoleAlgoTest.csproj", "{5EC4C916-7030-486B-BA20-10892AFA460D}"
EndProject
Project("{9A19103F-16F7-4668-BE54-9A1E7A4F7556}") = "ConsoleExcelToPdfTest", "src\ConsoleExcelToPdfTest\ConsoleExcelToPdfTest.csproj", "{83D869FE-6F74-4D10-9764-AFB8B21AF075}"
EndProject
Project("{2150E333-8FDC-42A3-9474-1A3956D46DE8}") = "ConsoleTest", "ConsoleTest", "{3698209F-3CA5-4C38-BA68-BCA32C7D5A52}"
EndProject
Project("{2150E333-8FDC-42A3-9474-1A3956D46DE8}") = "WebTest", "WebTest", "{DE620553-D1A0-4E17-BD64-696136F34C95}"
EndProject
Project("{9A19103F-16F7-4668-BE54-9A1E7A4F7556}") = "HotChocolate.ApplicationCore", "src\HotChocolate\HotChocolate.ApplicationCore.csproj", "{5443FA3E-B54E-4FB0-8D1F-E2BABA164294}"
EndProject
Project("{9A19103F-16F7-4668-BE54-9A1E7A4F7556}") = "IceSmoothie.Infrastructrue", "src\IceSmoothie\IceSmoothie.Infrastructrue.csproj", "{22599483-9EB4-496D-9636-4E37C725F09F}"
EndProject
Project("{2150E333-8FDC-42A3-9474-1A3956D46DE8}") = "BlazorTest", "BlazorTest", "{EFDC6889-0126-49E0-87EB-77BA71A634E3}"
EndProject
Project("{FAE04EC0-301F-11D3-BF4B-00C04F79EFBC}") = "BlazorCalender", "BlazorCalender\BlazorCalender.csproj", "{38FA33A1-D3F4-40D6-83A0-4C0337290106}"
EndProject
Global
	GlobalSection(SolutionConfigurationPlatforms) = preSolution
		Debug|Any CPU = Debug|Any CPU
		Release|Any CPU = Release|Any CPU
	EndGlobalSection
	GlobalSection(ProjectConfigurationPlatforms) = postSolution
		{126F58A2-A6C7-4A9B-9335-04CB6FCB2863}.Debug|Any CPU.ActiveCfg = Debug|Any CPU
		{126F58A2-A6C7-4A9B-9335-04CB6FCB2863}.Debug|Any CPU.Build.0 = Debug|Any CPU
		{126F58A2-A6C7-4A9B-9335-04CB6FCB2863}.Release|Any CPU.ActiveCfg = Release|Any CPU
		{126F58A2-A6C7-4A9B-9335-04CB6FCB2863}.Release|Any CPU.Build.0 = Release|Any CPU
		{5EC4C916-7030-486B-BA20-10892AFA460D}.Debug|Any CPU.ActiveCfg = Debug|Any CPU
		{5EC4C916-7030-486B-BA20-10892AFA460D}.Debug|Any CPU.Build.0 = Debug|Any CPU
		{5EC4C916-7030-486B-BA20-10892AFA460D}.Release|Any CPU.ActiveCfg = Release|Any CPU
		{5EC4C916-7030-486B-BA20-10892AFA460D}.Release|Any CPU.Build.0 = Release|Any CPU
		{83D869FE-6F74-4D10-9764-AFB8B21AF075}.Debug|Any CPU.ActiveCfg = Debug|Any CPU
		{83D869FE-6F74-4D10-9764-AFB8B21AF075}.Debug|Any CPU.Build.0 = Debug|Any CPU
		{83D869FE-6F74-4D10-9764-AFB8B21AF075}.Release|Any CPU.ActiveCfg = Release|Any CPU
		{83D869FE-6F74-4D10-9764-AFB8B21AF075}.Release|Any CPU.Build.0 = Release|Any CPU
		{5443FA3E-B54E-4FB0-8D1F-E2BABA164294}.Debug|Any CPU.ActiveCfg = Debug|Any CPU
		{5443FA3E-B54E-4FB0-8D1F-E2BABA164294}.Debug|Any CPU.Build.0 = Debug|Any CPU
		{5443FA3E-B54E-4FB0-8D1F-E2BABA164294}.Release|Any CPU.ActiveCfg = Release|Any CPU
		{5443FA3E-B54E-4FB0-8D1F-E2BABA164294}.Release|Any CPU.Build.0 = Release|Any CPU
		{22599483-9EB4-496D-9636-4E37C725F09F}.Debug|Any CPU.ActiveCfg = Debug|Any CPU
		{22599483-9EB4-496D-9636-4E37C725F09F}.Debug|Any CPU.Build.0 = Debug|Any CPU
		{22599483-9EB4-496D-9636-4E37C725F09F}.Release|Any CPU.ActiveCfg = Release|Any CPU
		{22599483-9EB4-496D-9636-4E37C725F09F}.Release|Any CPU.Build.0 = Release|Any CPU
		{38FA33A1-D3F4-40D6-83A0-4C0337290106}.Debug|Any CPU.ActiveCfg = Debug|Any CPU
		{38FA33A1-D3F4-40D6-83A0-4C0337290106}.Debug|Any CPU.Build.0 = Debug|Any CPU
		{38FA33A1-D3F4-40D6-83A0-4C0337290106}.Release|Any CPU.ActiveCfg = Release|Any CPU
		{38FA33A1-D3F4-40D6-83A0-4C0337290106}.Release|Any CPU.Build.0 = Release|Any CPU
	EndGlobalSection
	GlobalSection(SolutionProperties) = preSolution
		HideSolutionNode = FALSE
	EndGlobalSection
	GlobalSection(NestedProjects) = preSolution
		{126F58A2-A6C7-4A9B-9335-04CB6FCB2863} = {DE620553-D1A0-4E17-BD64-696136F34C95}
		{5EC4C916-7030-486B-BA20-10892AFA460D} = {3698209F-3CA5-4C38-BA68-BCA32C7D5A52}
		{83D869FE-6F74-4D10-9764-AFB8B21AF075} = {3698209F-3CA5-4C38-BA68-BCA32C7D5A52}
		{5443FA3E-B54E-4FB0-8D1F-E2BABA164294} = {DE620553-D1A0-4E17-BD64-696136F34C95}
		{22599483-9EB4-496D-9636-4E37C725F09F} = {DE620553-D1A0-4E17-BD64-696136F34C95}
		{38FA33A1-D3F4-40D6-83A0-4C0337290106} = {EFDC6889-0126-49E0-87EB-77BA71A634E3}
	EndGlobalSection
	GlobalSection(ExtensibilityGlobals) = postSolution
		SolutionGuid = {2AAAAD6B-22E1-4BD9-9136-2733FCD56E5C}
	EndGlobalSection
EndGlobal
