
Microsoft Visual Studio Solution File, Format Version 12.00
# Visual Studio Version 16
VisualStudioVersion = 16.0.29326.143
MinimumVisualStudioVersion = 10.0.40219.1
Project("{FAE04EC0-301F-11D3-BF4B-00C04F79EFBC}") = "HotChocolateSmoothie", "HotChocolateSmoothie\HotChocolateSmoothie.csproj", "{126F58A2-A6C7-4A9B-9335-04CB6FCB2863}"
EndProject
Global
	GlobalSection(SolutionConfigurationPlatforms) = preSolution
		Debug|Any CPU = Debug|Any CPU
		Release|Any CPU = Release|Any CPU
	EndGlobalSection
	GlobalSection(ProjectConfigurationPlatforms) = postSolution
		{126F58A2-A6C7-4A9B-9335-04CB6FCB2863}.Debug|Any CPU.ActiveCfg = Debug|Any CPU
		{126F58A2-A6C7-4A9B-9335-04CB6FCB2863}.Debug|Any CPU.Build.0 = Debug|Any CPU
		{126F58A2-A6C7-4A9B-9335-04CB6FCB2863}.Release|Any CPU.ActiveCfg = Release|Any CPU
		{126F58A2-A6C7-4A9B-9335-04CB6FCB2863}.Release|Any CPU.Build.0 = Release|Any CPU
	EndGlobalSection
	GlobalSection(SolutionProperties) = preSolution
		HideSolutionNode = FALSE
	EndGlobalSection
	GlobalSection(ExtensibilityGlobals) = postSolution
		SolutionGuid = {2AAAAD6B-22E1-4BD9-9136-2733FCD56E5C}
	EndGlobalSection
EndGlobal
